Microsoft Visual Studio Solution File, Format Version 12.00
# Visual Studio Version 17
VisualStudioVersion = 17.5.2.0
MinimumVisualStudioVersion = 10.0.40219.1
Project("{2150E333-8FDC-42A3-9474-1A3956D46DE8}") = "2015", "2015", "{BB3A0202-8E6B-1768-5367-13236A1004B2}"
EndProject
Project("{2150E333-8FDC-42A3-9474-1A3956D46DE8}") = "Day01", "Day01", "{9C1F3CD5-6BB2-0BA1-9838-C32B1E849C65}"
EndProject
Project("{2150E333-8FDC-42A3-9474-1A3956D46DE8}") = "Part1", "Part1", "{88332914-75D2-284F-252F-6C70C63EDE2E}"
EndProject
Project("{FAE04EC0-301F-11D3-BF4B-00C04F79EFBC}") = "csharp", "2015\Day01\Part1\csharp\csharp.csproj", "{70078EC3-1265-D30A-2E96-448721A37474}"
EndProject
Project("{2150E333-8FDC-42A3-9474-1A3956D46DE8}") = "Part2", "Part2", "{AE129DB1-971D-C0AB-A926-24C77F88D8FE}"
EndProject
Project("{FAE04EC0-301F-11D3-BF4B-00C04F79EFBC}") = "csharp", "2015\Day01\Part2\csharp\csharp.csproj", "{A29FCADC-5591-27E9-401B-137D24B5F489}"
EndProject
Project("{2150E333-8FDC-42A3-9474-1A3956D46DE8}") = "Day02", "Day02", "{F9070F6E-EE8C-6B87-0941-C99CECAD3304}"
EndProject
Project("{2150E333-8FDC-42A3-9474-1A3956D46DE8}") = "Part1", "Part1", "{DD3619EC-3EBA-BA52-4C01-E41FB0CF750A}"
EndProject
Project("{FAE04EC0-301F-11D3-BF4B-00C04F79EFBC}") = "csharp", "2015\Day02\Part1\csharp\csharp.csproj", "{07F269A0-4451-3FCE-35A5-9178F6466328}"
EndProject
Project("{2150E333-8FDC-42A3-9474-1A3956D46DE8}") = "Part2", "Part2", "{CB165CA6-AED0-BADB-B0CB-EF8C0AD9EE7C}"
EndProject
Project("{FAE04EC0-301F-11D3-BF4B-00C04F79EFBC}") = "csharp", "2015\Day02\Part2\csharp\csharp.csproj", "{B945B1DA-D058-81F4-554F-0C19C0AB6EDC}"
EndProject
Global
	GlobalSection(SolutionConfigurationPlatforms) = preSolution
		Debug|Any CPU = Debug|Any CPU
		Release|Any CPU = Release|Any CPU
	EndGlobalSection
	GlobalSection(ProjectConfigurationPlatforms) = postSolution
		{70078EC3-1265-D30A-2E96-448721A37474}.Debug|Any CPU.ActiveCfg = Debug|Any CPU
		{70078EC3-1265-D30A-2E96-448721A37474}.Debug|Any CPU.Build.0 = Debug|Any CPU
		{70078EC3-1265-D30A-2E96-448721A37474}.Release|Any CPU.ActiveCfg = Release|Any CPU
		{70078EC3-1265-D30A-2E96-448721A37474}.Release|Any CPU.Build.0 = Release|Any CPU
		{A29FCADC-5591-27E9-401B-137D24B5F489}.Debug|Any CPU.ActiveCfg = Debug|Any CPU
		{A29FCADC-5591-27E9-401B-137D24B5F489}.Debug|Any CPU.Build.0 = Debug|Any CPU
		{A29FCADC-5591-27E9-401B-137D24B5F489}.Release|Any CPU.ActiveCfg = Release|Any CPU
		{A29FCADC-5591-27E9-401B-137D24B5F489}.Release|Any CPU.Build.0 = Release|Any CPU
		{07F269A0-4451-3FCE-35A5-9178F6466328}.Debug|Any CPU.ActiveCfg = Debug|Any CPU
		{07F269A0-4451-3FCE-35A5-9178F6466328}.Debug|Any CPU.Build.0 = Debug|Any CPU
		{07F269A0-4451-3FCE-35A5-9178F6466328}.Release|Any CPU.ActiveCfg = Release|Any CPU
		{07F269A0-4451-3FCE-35A5-9178F6466328}.Release|Any CPU.Build.0 = Release|Any CPU
		{B945B1DA-D058-81F4-554F-0C19C0AB6EDC}.Debug|Any CPU.ActiveCfg = Debug|Any CPU
		{B945B1DA-D058-81F4-554F-0C19C0AB6EDC}.Debug|Any CPU.Build.0 = Debug|Any CPU
		{B945B1DA-D058-81F4-554F-0C19C0AB6EDC}.Release|Any CPU.ActiveCfg = Release|Any CPU
		{B945B1DA-D058-81F4-554F-0C19C0AB6EDC}.Release|Any CPU.Build.0 = Release|Any CPU
	EndGlobalSection
	GlobalSection(SolutionProperties) = preSolution
		HideSolutionNode = FALSE
	EndGlobalSection
	GlobalSection(NestedProjects) = preSolution
		{9C1F3CD5-6BB2-0BA1-9838-C32B1E849C65} = {BB3A0202-8E6B-1768-5367-13236A1004B2}
		{88332914-75D2-284F-252F-6C70C63EDE2E} = {9C1F3CD5-6BB2-0BA1-9838-C32B1E849C65}
		{70078EC3-1265-D30A-2E96-448721A37474} = {88332914-75D2-284F-252F-6C70C63EDE2E}
		{AE129DB1-971D-C0AB-A926-24C77F88D8FE} = {9C1F3CD5-6BB2-0BA1-9838-C32B1E849C65}
		{A29FCADC-5591-27E9-401B-137D24B5F489} = {AE129DB1-971D-C0AB-A926-24C77F88D8FE}
		{F9070F6E-EE8C-6B87-0941-C99CECAD3304} = {BB3A0202-8E6B-1768-5367-13236A1004B2}
		{DD3619EC-3EBA-BA52-4C01-E41FB0CF750A} = {F9070F6E-EE8C-6B87-0941-C99CECAD3304}
		{07F269A0-4451-3FCE-35A5-9178F6466328} = {DD3619EC-3EBA-BA52-4C01-E41FB0CF750A}
		{CB165CA6-AED0-BADB-B0CB-EF8C0AD9EE7C} = {F9070F6E-EE8C-6B87-0941-C99CECAD3304}
		{B945B1DA-D058-81F4-554F-0C19C0AB6EDC} = {CB165CA6-AED0-BADB-B0CB-EF8C0AD9EE7C}
	EndGlobalSection
	GlobalSection(ExtensibilityGlobals) = postSolution
		SolutionGuid = {E3720472-91B7-4F6F-938F-6B2AFF92560F}
	EndGlobalSection
EndGlobal
